{
    "_meta": {
        "hash": {
            "sha256": "4ab14564945c20e9118a3d6a5ae77afb44a1e983384691211b513507cce24258"
        },
        "pipfile-spec": 6,
        "requires": {
            "python_version": "3.6"
        },
        "sources": [
            {
                "name": "pypi",
                "url": "https://pypi.org/simple",
                "verify_ssl": true
            }
        ]
    },
    "default": {
        "autopep8": {
            "hashes": [
                "sha256:4d8eec30cc81bc5617dbf1218201d770dc35629363547f17577c61683ccfb3ee"
            ],
            "index": "pypi",
            "version": "==1.4.4"
        },
        "backcall": {
            "hashes": [
                "sha256:5cbdbf27be5e7cfadb448baf0aa95508f91f2bbc6c6437cd9cd06e2a4c215e1e",
                "sha256:fbbce6a29f263178a1f7915c1940bde0ec2b2a967566fe1c65c1dfb7422bd255"
            ],
            "version": "==0.2.0"
        },
        "bitstring": {
            "hashes": [
                "sha256:7b60b0c300d0d3d0a24ec84abfda4b0eaed3dc56dc90f6cbfe497166c9ad8443",
                "sha256:c97a8e2a136e99b523b27da420736ae5cb68f83519d633794a6a11192f69f8bf",
                "sha256:e392819965e7e0246e3cf6a51d5a54e731890ae03ebbfa3cd0e4f74909072096"
            ],
            "index": "pypi",
            "version": "==3.1.6"
        },
        "decorator": {
            "hashes": [
                "sha256:41fa54c2a0cc4ba648be4fd43cff00aedf5b9465c9bf18d64325bc225f08f760",
                "sha256:e3a62f0520172440ca0dcc823749319382e377f37f140a0b99ef45fecb84bfe7"
            ],
            "version": "==4.4.2"
        },
        "gnureadline": {
            "hashes": [
                "sha256:15518acd534a84d8cd3b2431aeca85132c4892600bf3a64edd76ed265909476c",
                "sha256:59369b0eb7210bdb2acf2940c15a6a9d35c70cde9b6d6c5b5c14b0bfd4fd258a",
                "sha256:59f6265f24631da28e39054cdd3a52cf02422aa2b955b8d8358b99d4425c3a26",
                "sha256:5fe0b973372a6deca9b448178acf8117bc80f0c5113facef0be16712cb98feea",
                "sha256:61eef72ed02dad415ede49752e972a1d2bd8c35c1e4464565d7effd806c99476",
                "sha256:650986355bfdbe767fd7e9ce4df20ac4993f8c3b60f0829b3c1f951ce31be846",
                "sha256:69c9291b6a7bcf768202b78ed1684b515181e20a3cb680b0265da0d6fdc0f697",
                "sha256:88c1adf00fa8b2124751d7a6a4f8701cf8677d5caccdb16f6a6b24b3ae4f97c0",
                "sha256:8c244130b6e31669f76213ddb249c8673b8573214e80829667f17e18abe27487",
                "sha256:e50ae6f49adfc2c89b995a75a0ce2449e553dbd943a4cd1a2d959caccc20247c",
                "sha256:fd7ddef98546f1a97eea2ba2120faff4cb7fd52d43f4a16954b5d5531a23eb3e",
                "sha256:fe9b42d92dcd83071c82a5dbd33e36a287bb021d2e29f65abfe3192bf13a360d"
            ],
            "index": "pypi",
            "version": "==8.0.0"
        },
        "ipython": {
            "hashes": [
                "sha256:c4ab005921641e40a68e405e286e7a1fcc464497e14d81b6914b4fd95e5dee9b",
                "sha256:dd76831f065f17bddd7eaa5c781f5ea32de5ef217592cf019e34043b56895aa1"
            ],
            "index": "pypi",
            "version": "==7.8.0"
        },
        "ipython-genutils": {
            "hashes": [
                "sha256:72dd37233799e619666c9f639a9da83c34013a73e8bbc79a7a6348d93c61fab8",
                "sha256:eb2e116e75ecef9d4d228fdc66af54269afa26ab4463042e33785b887c628ba8"
            ],
            "version": "==0.2.0"
        },
        "jedi": {
            "hashes": [
                "sha256:18456d83f65f400ab0c2d3319e48520420ef43b23a086fdc05dff34132f0fb93",
                "sha256:92550a404bad8afed881a137ec9a461fed49eca661414be45059329614ed0707"
            ],
            "version": "==0.18.0"
        },
        "jsonlines": {
            "hashes": [
                "sha256:0ebd5b0c3efe0d4b5018b320fb0ee1a7b680ab39f6eb853715859f818d386cc8",
                "sha256:43b8d5588a9d4862c8a4a49580e38e20ec595aee7ad6fe469b10fb83fbefde88"
            ],
            "index": "pypi",
            "version": "==1.2.0"
        },
        "msgpack": {
            "hashes": [
                "sha256:26cb40116111c232bc235ce131cc3b4e76549088cb154e66a2eb8ff6fcc907ec",
                "sha256:300fd3f2c664a3bf473d6a952f843b4a71454f4c592ed7e74a36b205c1782d28",
                "sha256:3129c355342853007de4a2a86e75eab966119733eb15748819b6554363d4e85c",
                "sha256:31f6d645ee5a97d59d3263fab9e6be76f69fa131cddc0d94091a3c8aca30d67a",
                "sha256:3ce7ef7ee2546c3903ca8c934d09250531b80c6127e6478781ae31ed835aac4c",
                "sha256:4008c72f5ef2b7936447dcb83db41d97e9791c83221be13d5e19db0796df1972",
                "sha256:62bd8e43d204580308d477a157b78d3fee2fb4c15d32578108dc5d89866036c8",
                "sha256:70cebfe08fb32f83051971264466eadf183101e335d8107b80002e632f425511",
                "sha256:72cb7cf85e9df5251abd7b61a1af1fb77add15f40fa7328e924a9c0b6bc7a533",
                "sha256:7c55649965c35eb32c499d17dadfb8f53358b961582846e1bc06f66b9bccc556",
                "sha256:86b963a5de11336ec26bc4f839327673c9796b398b9f1fe6bb6150c2a5d00f0f",
                "sha256:8c73c9bcdfb526247c5e4f4f6cf581b9bb86b388df82cfcaffde0a6e7bf3b43a",
                "sha256:8e68c76c6aff4849089962d25346d6784d38e02baa23ffa513cf46be72e3a540",
                "sha256:97ac6b867a8f63debc64f44efdc695109d541ecc361ee2dce2c8884ab37360a1",
                "sha256:9d4f546af72aa001241d74a79caec278bcc007b4bcde4099994732e98012c858",
                "sha256:a28e69fe5468c9f5251c7e4e7232286d71b7dfadc74f312006ebe984433e9746",
                "sha256:fd509d4aa95404ce8d86b4e32ce66d5d706fd6646c205e1c2a715d87078683a2"
            ],
            "index": "pypi",
            "version": "==0.6.1"
        },
        "numpy": {
            "hashes": [
                "sha256:03f2ebcbffcce2dec8860633b89a93e80c6a239d21a77ae8b241450dc21e8c35",
                "sha256:078c8025da5ab9e8657edc9c2a1e9642e06e953bc7baa2e65c1aa9d9dfb7e98b",
                "sha256:0fbfa98c5d5c3c6489cc1e852ec94395d51f35d9ebe70c6850e47f465038cdf4",
                "sha256:1c841033f4fe6801648180c3033c45b3235a8bbd09bc7249010f99ea27bb6790",
                "sha256:2c0984a01ddd0aeec89f0ce46ef21d64761048cd76c0074d0658c91f9131f154",
                "sha256:4c166dcb0fff7cb3c0bbc682dfb5061852a2547efb6222e043a7932828c08fb5",
                "sha256:8c2d98d0623bd63fb883b65256c00454d5f53127a5a7bcdaa8bdc582814e8cb4",
                "sha256:8cb4b6ae45aad6d26712a1ce0a3f2556c5e1484867f9649e03496e45d6a5eba4",
                "sha256:93050e73c446c82065b7410221b07682e475ac51887cd9368227a5d944afae80",
                "sha256:a3f6b3024f8826d8b1490e6e2a9b99e841cd2c375791b1df62991bd8f4c00b89",
                "sha256:bede70fd8699695363f39e86c1e869b2c8b74fb5ef135a67b9e1eeebff50322a",
                "sha256:c304b2221f33489cd15a915237a84cdfe9420d7e4d4828c78a0820f9d990395c",
                "sha256:f11331530f0eff69a758d62c2461cd98cdc2eae0147279d8fc86e0464eb7e8ca",
                "sha256:fa5f2a8ef1e07ba258dc07d4dd246de23ef4ab920ae0f3fa2a1cc5e90f0f1888",
                "sha256:fb6178b0488b0ce6a54bc4accbdf5225e937383586555604155d64773f6beb2b",
                "sha256:fd5e830d4dc31658d61a6452cd3e842213594d8c15578cdae6829e36ad9c0930"
            ],
            "index": "pypi",
            "version": "==1.17.1"
        },
        "parso": {
            "hashes": [
                "sha256:15b00182f472319383252c18d5913b69269590616c947747bc50bf4ac768f410",
                "sha256:8519430ad07087d4c997fda3a7918f7cfa27cb58972a8c89c2a0295a1c940e9e"
            ],
            "version": "==0.8.1"
        },
        "pexpect": {
            "hashes": [
                "sha256:0b48a55dcb3c05f3329815901ea4fc1537514d6ba867a152b581d69ae3710937",
                "sha256:fc65a43959d153d0114afe13997d439c22823a27cefceb5ff35c2178c6784c0c"
            ],
            "markers": "sys_platform != 'win32'",
            "version": "==4.8.0"
        },
        "pickleshare": {
            "hashes": [
                "sha256:87683d47965c1da65cdacaf31c8441d12b8044cdec9aca500cd78fc2c683afca",
                "sha256:9649af414d74d4df115d5d718f82acb59c9d418196b7b4290ed47a12ce62df56"
            ],
            "version": "==0.7.5"
        },
        "prompt-toolkit": {
            "hashes": [
                "sha256:46642344ce457641f28fc9d1c9ca939b63dadf8df128b86f1b9860e59c73a5e4",
                "sha256:e7f8af9e3d70f514373bf41aa51bc33af12a6db3f71461ea47fea985defb2c31",
                "sha256:f15af68f66e664eaa559d4ac8a928111eebd5feda0c11738b5998045224829db"
            ],
            "version": "==2.0.10"
        },
        "ptyprocess": {
            "hashes": [
                "sha256:4b41f3967fce3af57cc7e94b888626c18bf37a083e3651ca8feeb66d492fef35",
                "sha256:5c5d0a3b48ceee0b48485e0c26037c0acd7d29765ca3fbb5cb3831d347423220"
            ],
            "version": "==0.7.0"
        },
        "pycodestyle": {
            "hashes": [
                "sha256:514f76d918fcc0b55c6680472f0a37970994e07bbb80725808c17089be302068",
                "sha256:c389c1d06bf7904078ca03399a4816f974a1d590090fecea0c63ec26ebaf1cef"
            ],
            "version": "==2.7.0"
        },
        "pygments": {
            "hashes": [
                "sha256:bc9591213a8f0e0ca1a5e68a479b4887fdc3e75d0774e5c71c31920c427de435",
                "sha256:df49d09b498e83c1a73128295860250b0b7edd4c723a32e9bc0d295c7c2ec337"
            ],
            "index": "pypi",
            "version": "==2.7.4"
        },
        "pyserial": {
            "hashes": [
                "sha256:6e2d401fdee0eab996cf734e67773a0143b932772ca8b42451440cfed942c627",
                "sha256:e0770fadba80c31013896c7e6ef703f72e7834965954a78e71a3049488d4d7d8"
            ],
            "index": "pypi",
            "version": "==3.4"
        },
        "six": {
            "hashes": [
                "sha256:30639c035cdb23534cd4aa2dd52c3bf48f06e5f4a941509c8bafd8ce11080259",
                "sha256:8b74bedcbbbaca38ff6d7491d76f2b06b3592611af620f8426e82dddb04a5ced"
            ],
            "version": "==1.15.0"
        },
        "traitlets": {
            "hashes": [
                "sha256:70b4c6a1d9019d7b4f6846832288f86998aa3b9207c6821f3578a6a6a467fe44",
                "sha256:d023ee369ddd2763310e4c3eae1ff649689440d4ae59d7485eb4cfbbe3e359f7"
            ],
            "version": "==4.3.3"
        },
        "wcwidth": {
            "hashes": [
                "sha256:beb4802a9cebb9144e99086eff703a642a13d6a0052920003a230f3294bbe784",
                "sha256:c4d647b99872929fdb7bdcaa4fbe7f01413ed3d98077df798530e5b04f116c83"
            ],
            "version": "==0.2.5"
        }
    },
    "develop": {}
}
